// !$*UTF8*$!
{
	archiveVersion = 1;
	classes = {
	};
	objectVersion = 56;
	objects = {

/* Begin PBXBuildFile section */
		C50AEFAE2978C2C7001A465C /* AppDelegate.swift in Sources */ = {isa = PBXBuildFile; fileRef = C50AEFAD2978C2C7001A465C /* AppDelegate.swift */; };
		C50AEFB02978C2C7001A465C /* SceneDelegate.swift in Sources */ = {isa = PBXBuildFile; fileRef = C50AEFAF2978C2C7001A465C /* SceneDelegate.swift */; };
		C50AEFB52978C2C7001A465C /* Main.storyboard in Resources */ = {isa = PBXBuildFile; fileRef = C50AEFB32978C2C7001A465C /* Main.storyboard */; };
		C50AEFB72978C2C8001A465C /* Assets.xcassets in Resources */ = {isa = PBXBuildFile; fileRef = C50AEFB62978C2C8001A465C /* Assets.xcassets */; };
		C50AEFBA2978C2C8001A465C /* LaunchScreen.storyboard in Resources */ = {isa = PBXBuildFile; fileRef = C50AEFB82978C2C8001A465C /* LaunchScreen.storyboard */; };
		C50AEFC22978DE83001A465C /* LoginVC.swift in Sources */ = {isa = PBXBuildFile; fileRef = C50AEFC12978DE83001A465C /* LoginVC.swift */; };
		C50AEFC42978DE99001A465C /* SignUpVC.swift in Sources */ = {isa = PBXBuildFile; fileRef = C50AEFC32978DE99001A465C /* SignUpVC.swift */; };
		C50AEFC62978DEAC001A465C /* MainScreenVC.swift in Sources */ = {isa = PBXBuildFile; fileRef = C50AEFC52978DEAC001A465C /* MainScreenVC.swift */; };
		C50AEFC82978E535001A465C /* GoogleService-Info.plist in Resources */ = {isa = PBXBuildFile; fileRef = C50AEFC72978E535001A465C /* GoogleService-Info.plist */; };
		C50AEFCB2978E5E0001A465C /* FirebaseAuth in Frameworks */ = {isa = PBXBuildFile; productRef = C50AEFCA2978E5E0001A465C /* FirebaseAuth */; };
/* End PBXBuildFile section */

/* Begin PBXFileReference section */
		C50AEFAA2978C2C7001A465C /* LoginScreen.app */ = {isa = PBXFileReference; explicitFileType = wrapper.application; includeInIndex = 0; path = LoginScreen.app; sourceTree = BUILT_PRODUCTS_DIR; };
		C50AEFAD2978C2C7001A465C /* AppDelegate.swift */ = {isa = PBXFileReference; lastKnownFileType = sourcecode.swift; path = AppDelegate.swift; sourceTree = "<group>"; };
		C50AEFAF2978C2C7001A465C /* SceneDelegate.swift */ = {isa = PBXFileReference; lastKnownFileType = sourcecode.swift; path = SceneDelegate.swift; sourceTree = "<group>"; };
		C50AEFB42978C2C7001A465C /* Base */ = {isa = PBXFileReference; lastKnownFileType = file.storyboard; name = Base; path = Base.lproj/Main.storyboard; sourceTree = "<group>"; };
		C50AEFB62978C2C8001A465C /* Assets.xcassets */ = {isa = PBXFileReference; lastKnownFileType = folder.assetcatalog; path = Assets.xcassets; sourceTree = "<group>"; };
		C50AEFB92978C2C8001A465C /* Base */ = {isa = PBXFileReference; lastKnownFileType = file.storyboard; name = Base; path = Base.lproj/LaunchScreen.storyboard; sourceTree = "<group>"; };
		C50AEFBB2978C2C8001A465C /* Info.plist */ = {isa = PBXFileReference; lastKnownFileType = text.plist.xml; path = Info.plist; sourceTree = "<group>"; };
		C50AEFC12978DE83001A465C /* LoginVC.swift */ = {isa = PBXFileReference; lastKnownFileType = sourcecode.swift; path = LoginVC.swift; sourceTree = "<group>"; };
		C50AEFC32978DE99001A465C /* SignUpVC.swift */ = {isa = PBXFileReference; lastKnownFileType = sourcecode.swift; path = SignUpVC.swift; sourceTree = "<group>"; };
		C50AEFC52978DEAC001A465C /* MainScreenVC.swift */ = {isa = PBXFileReference; lastKnownFileType = sourcecode.swift; path = MainScreenVC.swift; sourceTree = "<group>"; };
		C50AEFC72978E535001A465C /* GoogleService-Info.plist */ = {isa = PBXFileReference; fileEncoding = 4; lastKnownFileType = text.plist.xml; name = "GoogleService-Info.plist"; path = "../../../Downloads/GoogleService-Info.plist"; sourceTree = "<group>"; };
/* End PBXFileReference section */

/* Begin PBXFrameworksBuildPhase section */
		C50AEFA72978C2C7001A465C /* Frameworks */ = {
			isa = PBXFrameworksBuildPhase;
			buildActionMask = 2147483647;
			files = (
				C50AEFCB2978E5E0001A465C /* FirebaseAuth in Frameworks */,
			);
			runOnlyForDeploymentPostprocessing = 0;
		};
/* End PBXFrameworksBuildPhase section */

/* Begin PBXGroup section */
		C50AEFA12978C2C7001A465C = {
			isa = PBXGroup;
			children = (
				C50AEFAC2978C2C7001A465C /* LoginScreen */,
				C50AEFAB2978C2C7001A465C /* Products */,
			);
			sourceTree = "<group>";
		};
		C50AEFAB2978C2C7001A465C /* Products */ = {
			isa = PBXGroup;
			children = (
				C50AEFAA2978C2C7001A465C /* LoginScreen.app */,
			);
			name = Products;
			sourceTree = "<group>";
		};
		C50AEFAC2978C2C7001A465C /* LoginScreen */ = {
			isa = PBXGroup;
			children = (
				C50AEFAD2978C2C7001A465C /* AppDelegate.swift */,
				C50AEFAF2978C2C7001A465C /* SceneDelegate.swift */,
				C50AEFC12978DE83001A465C /* LoginVC.swift */,
				C50AEFC32978DE99001A465C /* SignUpVC.swift */,
				C50AEFC52978DEAC001A465C /* MainScreenVC.swift */,
				C50AEFB32978C2C7001A465C /* Main.storyboard */,
				C50AEFB62978C2C8001A465C /* Assets.xcassets */,
				C50AEFB82978C2C8001A465C /* LaunchScreen.storyboard */,
				C50AEFBB2978C2C8001A465C /* Info.plist */,
				C50AEFC72978E535001A465C /* GoogleService-Info.plist */,
			);
			path = LoginScreen;
			sourceTree = "<group>";
		};
/* End PBXGroup section */

/* Begin PBXNativeTarget section */
		C50AEFA92978C2C7001A465C /* LoginScreen */ = {
			isa = PBXNativeTarget;
			buildConfigurationList = C50AEFBE2978C2C8001A465C /* Build configuration list for PBXNativeTarget "LoginScreen" */;
			buildPhases = (
				C50AEFA62978C2C7001A465C /* Sources */,
				C50AEFA72978C2C7001A465C /* Frameworks */,
				C50AEFA82978C2C7001A465C /* Resources */,
			);
			buildRules = (
			);
			dependencies = (
			);
			name = LoginScreen;
			packageProductDependencies = (
				C50AEFCA2978E5E0001A465C /* FirebaseAuth */,
			);
			productName = LoginScreen;
			productReference = C50AEFAA2978C2C7001A465C /* LoginScreen.app */;
			productType = "com.apple.product-type.application";
		};
/* End PBXNativeTarget section */

/* Begin PBXProject section */
		C50AEFA22978C2C7001A465C /* Project object */ = {
			isa = PBXProject;
			attributes = {
				BuildIndependentTargetsInParallel = 1;
				LastSwiftUpdateCheck = 1420;
				LastUpgradeCheck = 1420;
				TargetAttributes = {
					C50AEFA92978C2C7001A465C = {
						CreatedOnToolsVersion = 14.2;
					};
				};
			};
			buildConfigurationList = C50AEFA52978C2C7001A465C /* Build configuration list for PBXProject "LoginScreen" */;
			compatibilityVersion = "Xcode 14.0";
			developmentRegion = en;
			hasScannedForEncodings = 0;
			knownRegions = (
				en,
				Base,
			);
			mainGroup = C50AEFA12978C2C7001A465C;
			packageReferences = (
				C50AEFC92978E5E0001A465C /* XCRemoteSwiftPackageReference "firebase-ios-sdk" */,
			);
			productRefGroup = C50AEFAB2978C2C7001A465C /* Products */;
			projectDirPath = "";
			projectRoot = "";
			targets = (
				C50AEFA92978C2C7001A465C /* LoginScreen */,
			);
		};
/* End PBXProject section */

/* Begin PBXResourcesBuildPhase section */
		C50AEFA82978C2C7001A465C /* Resources */ = {
			isa = PBXResourcesBuildPhase;
			buildActionMask = 2147483647;
			files = (
				C50AEFBA2978C2C8001A465C /* LaunchScreen.storyboard in Resources */,
				C50AEFB72978C2C8001A465C /* Assets.xcassets in Resources */,
				C50AEFB52978C2C7001A465C /* Main.storyboard in Resources */,
				C50AEFC82978E535001A465C /* GoogleService-Info.plist in Resources */,
			);
			runOnlyForDeploymentPostprocessing = 0;
		};
/* End PBXResourcesBuildPhase section */

/* Begin PBXSourcesBuildPhase section */
		C50AEFA62978C2C7001A465C /* Sources */ = {
			isa = PBXSourcesBuildPhase;
			buildActionMask = 2147483647;
			files = (
				C50AEFAE2978C2C7001A465C /* AppDelegate.swift in Sources */,
				C50AEFC22978DE83001A465C /* LoginVC.swift in Sources */,
				C50AEFC62978DEAC001A465C /* MainScreenVC.swift in Sources */,
				C50AEFC42978DE99001A465C /* SignUpVC.swift in Sources */,
				C50AEFB02978C2C7001A465C /* SceneDelegate.swift in Sources */,
			);
			runOnlyForDeploymentPostprocessing = 0;
		};
/* End PBXSourcesBuildPhase section */

/* Begin PBXVariantGroup section */
		C50AEFB32978C2C7001A465C /* Main.storyboard */ = {
			isa = PBXVariantGroup;
			children = (
				C50AEFB42978C2C7001A465C /* Base */,
			);
			name = Main.storyboard;
			sourceTree = "<group>";
		};
		C50AEFB82978C2C8001A465C /* LaunchScreen.storyboard */ = {
			isa = PBXVariantGroup;
			children = (
				C50AEFB92978C2C8001A465C /* Base */,
			);
			name = LaunchScreen.storyboard;
			sourceTree = "<group>";
		};
/* End PBXVariantGroup section */

/* Begin XCBuildConfiguration section */
		C50AEFBC2978C2C8001A465C /* Debug */ = {
			isa = XCBuildConfiguration;
			buildSettings = {
				ALWAYS_SEARCH_USER_PATHS = NO;
				CLANG_ANALYZER_NONNULL = YES;
				CLANG_ANALYZER_NUMBER_OBJECT_CONVERSION = YES_AGGRESSIVE;
				CLANG_CXX_LANGUAGE_STANDARD = "gnu++20";
				CLANG_ENABLE_MODULES = YES;
				CLANG_ENABLE_OBJC_ARC = YES;
				CLANG_ENABLE_OBJC_WEAK = YES;
				CLANG_WARN_BLOCK_CAPTURE_AUTORELEASING = YES;
				CLANG_WARN_BOOL_CONVERSION = YES;
				CLANG_WARN_COMMA = YES;
				CLANG_WARN_CONSTANT_CONVERSION = YES;
				CLANG_WARN_DEPRECATED_OBJC_IMPLEMENTATIONS = YES;
				CLANG_WARN_DIRECT_OBJC_ISA_USAGE = YES_ERROR;
				CLANG_WARN_DOCUMENTATION_COMMENTS = YES;
				CLANG_WARN_EMPTY_BODY = YES;
				CLANG_WARN_ENUM_CONVERSION = YES;
				CLANG_WARN_INFINITE_RECURSION = YES;
				CLANG_WARN_INT_CONVERSION = YES;
				CLANG_WARN_NON_LITERAL_NULL_CONVERSION = YES;
				CLANG_WARN_OBJC_IMPLICIT_RETAIN_SELF = YES;
				CLANG_WARN_OBJC_LITERAL_CONVERSION = YES;
				CLANG_WARN_OBJC_ROOT_CLASS = YES_ERROR;
				CLANG_WARN_QUOTED_INCLUDE_IN_FRAMEWORK_HEADER = YES;
				CLANG_WARN_RANGE_LOOP_ANALYSIS = YES;
				CLANG_WARN_STRICT_PROTOTYPES = YES;
				CLANG_WARN_SUSPICIOUS_MOVE = YES;
				CLANG_WARN_UNGUARDED_AVAILABILITY = YES_AGGRESSIVE;
				CLANG_WARN_UNREACHABLE_CODE = YES;
				CLANG_WARN__DUPLICATE_METHOD_MATCH = YES;
				COPY_PHASE_STRIP = NO;
				DEBUG_INFORMATION_FORMAT = dwarf;
				ENABLE_STRICT_OBJC_MSGSEND = YES;
				ENABLE_TESTABILITY = YES;
				GCC_C_LANGUAGE_STANDARD = gnu11;
				GCC_DYNAMIC_NO_PIC = NO;
				GCC_NO_COMMON_BLOCKS = YES;
				GCC_OPTIMIZATION_LEVEL = 0;
				GCC_PREPROCESSOR_DEFINITIONS = (
					"DEBUG=1",
					"$(inherited)",
				);
				GCC_WARN_64_TO_32_BIT_CONVERSION = YES;
				GCC_WARN_ABOUT_RETURN_TYPE = YES_ERROR;
				GCC_WARN_UNDECLARED_SELECTOR = YES;
				GCC_WARN_UNINITIALIZED_AUTOS = YES_AGGRESSIVE;
				GCC_WARN_UNUSED_FUNCTION = YES;
				GCC_WARN_UNUSED_VARIABLE = YES;
				IPHONEOS_DEPLOYMENT_TARGET = 16.2;
				MTL_ENABLE_DEBUG_INFO = INCLUDE_SOURCE;
				MTL_FAST_MATH = YES;
				ONLY_ACTIVE_ARCH = YES;
				SDKROOT = iphoneos;
				SWIFT_ACTIVE_COMPILATION_CONDITIONS = DEBUG;
				SWIFT_OPTIMIZATION_LEVEL = "-Onone";
			};
			name = Debug;
		};
		C50AEFBD2978C2C8001A465C /* Release */ = {
			isa = XCBuildConfiguration;
			buildSettings = {
				ALWAYS_SEARCH_USER_PATHS = NO;
				CLANG_ANALYZER_NONNULL = YES;
				CLANG_ANALYZER_NUMBER_OBJECT_CONVERSION = YES_AGGRESSIVE;
				CLANG_CXX_LANGUAGE_STANDARD = "gnu++20";
				CLANG_ENABLE_MODULES = YES;
				CLANG_ENABLE_OBJC_ARC = YES;
				CLANG_ENABLE_OBJC_WEAK = YES;
				CLANG_WARN_BLOCK_CAPTURE_AUTORELEASING = YES;
				CLANG_WARN_BOOL_CONVERSION = YES;
				CLANG_WARN_COMMA = YES;
				CLANG_WARN_CONSTANT_CONVERSION = YES;
				CLANG_WARN_DEPRECATED_OBJC_IMPLEMENTATIONS = YES;
				CLANG_WARN_DIRECT_OBJC_ISA_USAGE = YES_ERROR;
				CLANG_WARN_DOCUMENTATION_COMMENTS = YES;
				CLANG_WARN_EMPTY_BODY = YES;
				CLANG_WARN_ENUM_CONVERSION = YES;
				CLANG_WARN_INFINITE_RECURSION = YES;
				CLANG_WARN_INT_CONVERSION = YES;
				CLANG_WARN_NON_LITERAL_NULL_CONVERSION = YES;
				CLANG_WARN_OBJC_IMPLICIT_RETAIN_SELF = YES;
				CLANG_WARN_OBJC_LITERAL_CONVERSION = YES;
				CLANG_WARN_OBJC_ROOT_CLASS = YES_ERROR;
				CLANG_WARN_QUOTED_INCLUDE_IN_FRAMEWORK_HEADER = YES;
				CLANG_WARN_RANGE_LOOP_ANALYSIS = YES;
				CLANG_WARN_STRICT_PROTOTYPES = YES;
				CLANG_WARN_SUSPICIOUS_MOVE = YES;
				CLANG_WARN_UNGUARDED_AVAILABILITY = YES_AGGRESSIVE;
				CLANG_WARN_UNREACHABLE_CODE = YES;
				CLANG_WARN__DUPLICATE_METHOD_MATCH = YES;
				COPY_PHASE_STRIP = NO;
				DEBUG_INFORMATION_FORMAT = "dwarf-with-dsym";
				ENABLE_NS_ASSERTIONS = NO;
				ENABLE_STRICT_OBJC_MSGSEND = YES;
				GCC_C_LANGUAGE_STANDARD = gnu11;
				GCC_NO_COMMON_BLOCKS = YES;
				GCC_WARN_64_TO_32_BIT_CONVERSION = YES;
				GCC_WARN_ABOUT_RETURN_TYPE = YES_ERROR;
				GCC_WARN_UNDECLARED_SELECTOR = YES;
				GCC_WARN_UNINITIALIZED_AUTOS = YES_AGGRESSIVE;
				GCC_WARN_UNUSED_FUNCTION = YES;
				GCC_WARN_UNUSED_VARIABLE = YES;
				IPHONEOS_DEPLOYMENT_TARGET = 16.2;
				MTL_ENABLE_DEBUG_INFO = NO;
				MTL_FAST_MATH = YES;
				SDKROOT = iphoneos;
				SWIFT_COMPILATION_MODE = wholemodule;
				SWIFT_OPTIMIZATION_LEVEL = "-O";
				VALIDATE_PRODUCT = YES;
			};
			name = Release;
		};
		C50AEFBF2978C2C8001A465C /* Debug */ = {
			isa = XCBuildConfiguration;
			buildSettings = {
				ASSETCATALOG_COMPILER_APPICON_NAME = AppIcon;
				ASSETCATALOG_COMPILER_GLOBAL_ACCENT_COLOR_NAME = AccentColor;
				CODE_SIGN_STYLE = Automatic;
				CURRENT_PROJECT_VERSION = 1;
				GENERATE_INFOPLIST_FILE = YES;
				INFOPLIST_FILE = LoginScreen/Info.plist;
				INFOPLIST_KEY_CFBundleDisplayName = LoginApp;
				INFOPLIST_KEY_UIApplicationSupportsIndirectInputEvents = YES;
				INFOPLIST_KEY_UILaunchStoryboardName = LaunchScreen;
				INFOPLIST_KEY_UIMainStoryboardFile = Main;
				INFOPLIST_KEY_UISupportedInterfaceOrientations_iPad = "UIInterfaceOrientationPortrait UIInterfaceOrientationPortraitUpsideDown UIInterfaceOrientationLandscapeLeft UIInterfaceOrientationLandscapeRight";
				INFOPLIST_KEY_UISupportedInterfaceOrientations_iPhone = "UIInterfaceOrientationPortrait UIInterfaceOrientationLandscapeLeft UIInterfaceOrientationLandscapeRight";
				LD_RUNPATH_SEARCH_PATHS = (
					"$(inherited)",
					"@executable_path/Frameworks",
				);
				MARKETING_VERSION = 1.0;
				PRODUCT_BUNDLE_IDENTIFIER = javon.calloway.LoginScreen;
				PRODUCT_NAME = "$(TARGET_NAME)";
				SWIFT_EMIT_LOC_STRINGS = YES;
				SWIFT_VERSION = 5.0;
				TARGETED_DEVICE_FAMILY = "1,2";
			};
			name = Debug;
		};
		C50AEFC02978C2C8001A465C /* Release */ = {
			isa = XCBuildConfiguration;
			buildSettings = {
				ASSETCATALOG_COMPILER_APPICON_NAME = AppIcon;
				ASSETCATALOG_COMPILER_GLOBAL_ACCENT_COLOR_NAME = AccentColor;
				CODE_SIGN_STYLE = Automatic;
				CURRENT_PROJECT_VERSION = 1;
				GENERATE_INFOPLIST_FILE = YES;
				INFOPLIST_FILE = LoginScreen/Info.plist;
				INFOPLIST_KEY_CFBundleDisplayName = LoginApp;
				INFOPLIST_KEY_UIApplicationSupportsIndirectInputEvents = YES;
				INFOPLIST_KEY_UILaunchStoryboardName = LaunchScreen;
				INFOPLIST_KEY_UIMainStoryboardFile = Main;
				INFOPLIST_KEY_UISupportedInterfaceOrientations_iPad = "UIInterfaceOrientationPortrait UIInterfaceOrientationPortraitUpsideDown UIInterfaceOrientationLandscapeLeft UIInterfaceOrientationLandscapeRight";
				INFOPLIST_KEY_UISupportedInterfaceOrientations_iPhone = "UIInterfaceOrientationPortrait UIInterfaceOrientationLandscapeLeft UIInterfaceOrientationLandscapeRight";
				LD_RUNPATH_SEARCH_PATHS = (
					"$(inherited)",
					"@executable_path/Frameworks",
				);
				MARKETING_VERSION = 1.0;
				PRODUCT_BUNDLE_IDENTIFIER = javon.calloway.LoginScreen;
				PRODUCT_NAME = "$(TARGET_NAME)";
				SWIFT_EMIT_LOC_STRINGS = YES;
				SWIFT_VERSION = 5.0;
				TARGETED_DEVICE_FAMILY = "1,2";
			};
			name = Release;
		};
/* End XCBuildConfiguration section */

/* Begin XCConfigurationList section */
		C50AEFA52978C2C7001A465C /* Build configuration list for PBXProject "LoginScreen" */ = {
			isa = XCConfigurationList;
			buildConfigurations = (
				C50AEFBC2978C2C8001A465C /* Debug */,
				C50AEFBD2978C2C8001A465C /* Release */,
			);
			defaultConfigurationIsVisible = 0;
			defaultConfigurationName = Release;
		};
		C50AEFBE2978C2C8001A465C /* Build configuration list for PBXNativeTarget "LoginScreen" */ = {
			isa = XCConfigurationList;
			buildConfigurations = (
				C50AEFBF2978C2C8001A465C /* Debug */,
				C50AEFC02978C2C8001A465C /* Release */,
			);
			defaultConfigurationIsVisible = 0;
			defaultConfigurationName = Release;
		};
/* End XCConfigurationList section */

/* Begin XCRemoteSwiftPackageReference section */
		C50AEFC92978E5E0001A465C /* XCRemoteSwiftPackageReference "firebase-ios-sdk" */ = {
			isa = XCRemoteSwiftPackageReference;
			repositoryURL = "https://github.com/firebase/firebase-ios-sdk";
			requirement = {
				branch = master;
				kind = branch;
			};
		};
/* End XCRemoteSwiftPackageReference section */

/* Begin XCSwiftPackageProductDependency section */
		C50AEFCA2978E5E0001A465C /* FirebaseAuth */ = {
			isa = XCSwiftPackageProductDependency;
			package = C50AEFC92978E5E0001A465C /* XCRemoteSwiftPackageReference "firebase-ios-sdk" */;
			productName = FirebaseAuth;
		};
/* End XCSwiftPackageProductDependency section */
	};
	rootObject = C50AEFA22978C2C7001A465C /* Project object */;
}
